
Microsoft Visual Studio Solution File, Format Version 12.00
# Visual Studio Version 17
VisualStudioVersion = 17.5.33424.131
MinimumVisualStudioVersion = 10.0.40219.1
Project("{FAE04EC0-301F-11D3-BF4B-00C04F79EFBC}") = "Singleton", "Singleton.csproj", "{FC3F0D90-60AD-4FFA-B7D8-EF6D0FF2CB2A}"
EndProject
Global
	GlobalSection(SolutionConfigurationPlatforms) = preSolution
		Debug|Any CPU = Debug|Any CPU
		Release|Any CPU = Release|Any CPU
	EndGlobalSection
	GlobalSection(ProjectConfigurationPlatforms) = postSolution
		{FC3F0D90-60AD-4FFA-B7D8-EF6D0FF2CB2A}.Debug|Any CPU.ActiveCfg = Debug|Any CPU
		{FC3F0D90-60AD-4FFA-B7D8-EF6D0FF2CB2A}.Debug|Any CPU.Build.0 = Debug|Any CPU
		{FC3F0D90-60AD-4FFA-B7D8-EF6D0FF2CB2A}.Release|Any CPU.ActiveCfg = Release|Any CPU
		{FC3F0D90-60AD-4FFA-B7D8-EF6D0FF2CB2A}.Release|Any CPU.Build.0 = Release|Any CPU
	EndGlobalSection
	GlobalSection(SolutionProperties) = preSolution
		HideSolutionNode = FALSE
	EndGlobalSection
	GlobalSection(ExtensibilityGlobals) = postSolution
		SolutionGuid = {62577F5A-832C-4E67-B5A1-708E1B7EF828}
	EndGlobalSection
EndGlobal
